
Microsoft Visual Studio Solution File, Format Version 12.00
# Visual Studio 14
VisualStudioVersion = 14.0.24720.0
MinimumVisualStudioVersion = 10.0.40219.1
Project("{FAE04EC0-301F-11D3-BF4B-00C04F79EFBC}") = "WebServiceDemo", "WebServiceDemo\WebServiceDemo.csproj", "{54A66854-DD4F-4A2D-B180-F0E491662149}"
EndProject
Project("{FAE04EC0-301F-11D3-BF4B-00C04F79EFBC}") = "ConsoleSculp", "ConsoleSculp\ConsoleSculp.csproj", "{8D677068-8693-4B55-9176-4DB89879A349}"
EndProject
Project("{FAE04EC0-301F-11D3-BF4B-00C04F79EFBC}") = "WebService2305", "WebService2305\WebService2305.csproj", "{EAC7DC2C-EC31-47AD-BA76-6045CC08957A}"
EndProject
Project("{FAE04EC0-301F-11D3-BF4B-00C04F79EFBC}") = "MVVM23052016", "MVVM23052016\MVVM23052016.csproj", "{8D7C0FE8-7B29-48EF-9EFF-F58DC6B82800}"
EndProject
Global
	GlobalSection(SolutionConfigurationPlatforms) = preSolution
		Debug|Any CPU = Debug|Any CPU
		Debug|ARM = Debug|ARM
		Debug|x64 = Debug|x64
		Debug|x86 = Debug|x86
		Release|Any CPU = Release|Any CPU
		Release|ARM = Release|ARM
		Release|x64 = Release|x64
		Release|x86 = Release|x86
	EndGlobalSection
	GlobalSection(ProjectConfigurationPlatforms) = postSolution
		{54A66854-DD4F-4A2D-B180-F0E491662149}.Debug|Any CPU.ActiveCfg = Debug|Any CPU
		{54A66854-DD4F-4A2D-B180-F0E491662149}.Debug|Any CPU.Build.0 = Debug|Any CPU
		{54A66854-DD4F-4A2D-B180-F0E491662149}.Debug|ARM.ActiveCfg = Debug|Any CPU
		{54A66854-DD4F-4A2D-B180-F0E491662149}.Debug|ARM.Build.0 = Debug|Any CPU
		{54A66854-DD4F-4A2D-B180-F0E491662149}.Debug|x64.ActiveCfg = Debug|Any CPU
		{54A66854-DD4F-4A2D-B180-F0E491662149}.Debug|x64.Build.0 = Debug|Any CPU
		{54A66854-DD4F-4A2D-B180-F0E491662149}.Debug|x86.ActiveCfg = Debug|Any CPU
		{54A66854-DD4F-4A2D-B180-F0E491662149}.Debug|x86.Build.0 = Debug|Any CPU
		{54A66854-DD4F-4A2D-B180-F0E491662149}.Release|Any CPU.ActiveCfg = Release|Any CPU
		{54A66854-DD4F-4A2D-B180-F0E491662149}.Release|Any CPU.Build.0 = Release|Any CPU
		{54A66854-DD4F-4A2D-B180-F0E491662149}.Release|ARM.ActiveCfg = Release|Any CPU
		{54A66854-DD4F-4A2D-B180-F0E491662149}.Release|ARM.Build.0 = Release|Any CPU
		{54A66854-DD4F-4A2D-B180-F0E491662149}.Release|x64.ActiveCfg = Release|Any CPU
		{54A66854-DD4F-4A2D-B180-F0E491662149}.Release|x64.Build.0 = Release|Any CPU
		{54A66854-DD4F-4A2D-B180-F0E491662149}.Release|x86.ActiveCfg = Release|Any CPU
		{54A66854-DD4F-4A2D-B180-F0E491662149}.Release|x86.Build.0 = Release|Any CPU
		{8D677068-8693-4B55-9176-4DB89879A349}.Debug|Any CPU.ActiveCfg = Debug|Any CPU
		{8D677068-8693-4B55-9176-4DB89879A349}.Debug|Any CPU.Build.0 = Debug|Any CPU
		{8D677068-8693-4B55-9176-4DB89879A349}.Debug|ARM.ActiveCfg = Debug|Any CPU
		{8D677068-8693-4B55-9176-4DB89879A349}.Debug|ARM.Build.0 = Debug|Any CPU
		{8D677068-8693-4B55-9176-4DB89879A349}.Debug|x64.ActiveCfg = Debug|Any CPU
		{8D677068-8693-4B55-9176-4DB89879A349}.Debug|x64.Build.0 = Debug|Any CPU
		{8D677068-8693-4B55-9176-4DB89879A349}.Debug|x86.ActiveCfg = Debug|Any CPU
		{8D677068-8693-4B55-9176-4DB89879A349}.Debug|x86.Build.0 = Debug|Any CPU
		{8D677068-8693-4B55-9176-4DB89879A349}.Release|Any CPU.ActiveCfg = Release|Any CPU
		{8D677068-8693-4B55-9176-4DB89879A349}.Release|Any CPU.Build.0 = Release|Any CPU
		{8D677068-8693-4B55-9176-4DB89879A349}.Release|ARM.ActiveCfg = Release|Any CPU
		{8D677068-8693-4B55-9176-4DB89879A349}.Release|ARM.Build.0 = Release|Any CPU
		{8D677068-8693-4B55-9176-4DB89879A349}.Release|x64.ActiveCfg = Release|Any CPU
		{8D677068-8693-4B55-9176-4DB89879A349}.Release|x64.Build.0 = Release|Any CPU
		{8D677068-8693-4B55-9176-4DB89879A349}.Release|x86.ActiveCfg = Release|Any CPU
		{8D677068-8693-4B55-9176-4DB89879A349}.Release|x86.Build.0 = Release|Any CPU
		{EAC7DC2C-EC31-47AD-BA76-6045CC08957A}.Debug|Any CPU.ActiveCfg = Debug|Any CPU
		{EAC7DC2C-EC31-47AD-BA76-6045CC08957A}.Debug|Any CPU.Build.0 = Debug|Any CPU
		{EAC7DC2C-EC31-47AD-BA76-6045CC08957A}.Debug|ARM.ActiveCfg = Debug|Any CPU
		{EAC7DC2C-EC31-47AD-BA76-6045CC08957A}.Debug|ARM.Build.0 = Debug|Any CPU
		{EAC7DC2C-EC31-47AD-BA76-6045CC08957A}.Debug|x64.ActiveCfg = Debug|Any CPU
		{EAC7DC2C-EC31-47AD-BA76-6045CC08957A}.Debug|x64.Build.0 = Debug|Any CPU
		{EAC7DC2C-EC31-47AD-BA76-6045CC08957A}.Debug|x86.ActiveCfg = Debug|Any CPU
		{EAC7DC2C-EC31-47AD-BA76-6045CC08957A}.Debug|x86.Build.0 = Debug|Any CPU
		{EAC7DC2C-EC31-47AD-BA76-6045CC08957A}.Release|Any CPU.ActiveCfg = Release|Any CPU
		{EAC7DC2C-EC31-47AD-BA76-6045CC08957A}.Release|Any CPU.Build.0 = Release|Any CPU
		{EAC7DC2C-EC31-47AD-BA76-6045CC08957A}.Release|ARM.ActiveCfg = Release|Any CPU
		{EAC7DC2C-EC31-47AD-BA76-6045CC08957A}.Release|ARM.Build.0 = Release|Any CPU
		{EAC7DC2C-EC31-47AD-BA76-6045CC08957A}.Release|x64.ActiveCfg = Release|Any CPU
		{EAC7DC2C-EC31-47AD-BA76-6045CC08957A}.Release|x64.Build.0 = Release|Any CPU
		{EAC7DC2C-EC31-47AD-BA76-6045CC08957A}.Release|x86.ActiveCfg = Release|Any CPU
		{EAC7DC2C-EC31-47AD-BA76-6045CC08957A}.Release|x86.Build.0 = Release|Any CPU
		{8D7C0FE8-7B29-48EF-9EFF-F58DC6B82800}.Debug|Any CPU.ActiveCfg = Debug|x86
		{8D7C0FE8-7B29-48EF-9EFF-F58DC6B82800}.Debug|ARM.ActiveCfg = Debug|ARM
		{8D7C0FE8-7B29-48EF-9EFF-F58DC6B82800}.Debug|ARM.Build.0 = Debug|ARM
		{8D7C0FE8-7B29-48EF-9EFF-F58DC6B82800}.Debug|ARM.Deploy.0 = Debug|ARM
		{8D7C0FE8-7B29-48EF-9EFF-F58DC6B82800}.Debug|x64.ActiveCfg = Debug|x64
		{8D7C0FE8-7B29-48EF-9EFF-F58DC6B82800}.Debug|x64.Build.0 = Debug|x64
		{8D7C0FE8-7B29-48EF-9EFF-F58DC6B82800}.Debug|x64.Deploy.0 = Debug|x64
		{8D7C0FE8-7B29-48EF-9EFF-F58DC6B82800}.Debug|x86.ActiveCfg = Debug|x86
		{8D7C0FE8-7B29-48EF-9EFF-F58DC6B82800}.Debug|x86.Build.0 = Debug|x86
		{8D7C0FE8-7B29-48EF-9EFF-F58DC6B82800}.Debug|x86.Deploy.0 = Debug|x86
		{8D7C0FE8-7B29-48EF-9EFF-F58DC6B82800}.Release|Any CPU.ActiveCfg = Release|x86
		{8D7C0FE8-7B29-48EF-9EFF-F58DC6B82800}.Release|ARM.ActiveCfg = Release|ARM
		{8D7C0FE8-7B29-48EF-9EFF-F58DC6B82800}.Release|ARM.Build.0 = Release|ARM
		{8D7C0FE8-7B29-48EF-9EFF-F58DC6B82800}.Release|ARM.Deploy.0 = Release|ARM
		{8D7C0FE8-7B29-48EF-9EFF-F58DC6B82800}.Release|x64.ActiveCfg = Release|x64
		{8D7C0FE8-7B29-48EF-9EFF-F58DC6B82800}.Release|x64.Build.0 = Release|x64
		{8D7C0FE8-7B29-48EF-9EFF-F58DC6B82800}.Release|x64.Deploy.0 = Release|x64
		{8D7C0FE8-7B29-48EF-9EFF-F58DC6B82800}.Release|x86.ActiveCfg = Release|x86
		{8D7C0FE8-7B29-48EF-9EFF-F58DC6B82800}.Release|x86.Build.0 = Release|x86
		{8D7C0FE8-7B29-48EF-9EFF-F58DC6B82800}.Release|x86.Deploy.0 = Release|x86
	EndGlobalSection
	GlobalSection(SolutionProperties) = preSolution
		HideSolutionNode = FALSE
	EndGlobalSection
EndGlobal
